
Microsoft Visual Studio Solution File, Format Version 12.00
# Visual Studio Version 16
VisualStudioVersion = 16.0.34407.143
MinimumVisualStudioVersion = 10.0.40219.1
Project("{F184B08F-C81C-45F6-A57F-5ABD9991F28F}") = "AppHospital", "AppHospital\AppHospital.vbproj", "{49154411-D624-45AC-8830-0148D8BB7534}"
EndProject
Global
	GlobalSection(SolutionConfigurationPlatforms) = preSolution
		Debug|Any CPU = Debug|Any CPU
		Release|Any CPU = Release|Any CPU
	EndGlobalSection
	GlobalSection(ProjectConfigurationPlatforms) = postSolution
		{49154411-D624-45AC-8830-0148D8BB7534}.Debug|Any CPU.ActiveCfg = Debug|Any CPU
		{49154411-D624-45AC-8830-0148D8BB7534}.Debug|Any CPU.Build.0 = Debug|Any CPU
		{49154411-D624-45AC-8830-0148D8BB7534}.Release|Any CPU.ActiveCfg = Release|Any CPU
		{49154411-D624-45AC-8830-0148D8BB7534}.Release|Any CPU.Build.0 = Release|Any CPU
	EndGlobalSection
	GlobalSection(SolutionProperties) = preSolution
		HideSolutionNode = FALSE
	EndGlobalSection
	GlobalSection(ExtensibilityGlobals) = postSolution
		SolutionGuid = {E367CE56-A053-4504-8EDB-7DA9DECA47AC}
	EndGlobalSection
EndGlobal
