
Microsoft Visual Studio Solution File, Format Version 12.00
# Visual Studio Version 16
VisualStudioVersion = 16.0.34407.143
MinimumVisualStudioVersion = 10.0.40219.1
Project("{F184B08F-C81C-45F6-A57F-5ABD9991F28F}") = "ClassLibraryVikingosApp", "ClassLibraryVikingosApp\ClassLibraryVikingosApp.vbproj", "{ED201039-C411-4B6E-91D1-81C8CCF02EA8}"
EndProject
Global
	GlobalSection(SolutionConfigurationPlatforms) = preSolution
		Debug|Any CPU = Debug|Any CPU
		Release|Any CPU = Release|Any CPU
	EndGlobalSection
	GlobalSection(ProjectConfigurationPlatforms) = postSolution
		{ED201039-C411-4B6E-91D1-81C8CCF02EA8}.Debug|Any CPU.ActiveCfg = Debug|Any CPU
		{ED201039-C411-4B6E-91D1-81C8CCF02EA8}.Debug|Any CPU.Build.0 = Debug|Any CPU
		{ED201039-C411-4B6E-91D1-81C8CCF02EA8}.Release|Any CPU.ActiveCfg = Release|Any CPU
		{ED201039-C411-4B6E-91D1-81C8CCF02EA8}.Release|Any CPU.Build.0 = Release|Any CPU
	EndGlobalSection
	GlobalSection(SolutionProperties) = preSolution
		HideSolutionNode = FALSE
	EndGlobalSection
	GlobalSection(ExtensibilityGlobals) = postSolution
		SolutionGuid = {89CECFAC-2F7F-4DCB-A7AA-8CA508ED4130}
	EndGlobalSection
EndGlobal
